{
  "name": "yarn-dependency",
  "version": "1.0.0",
  "lockfileVersion": 3,
  "requires": true,
  "packages": {
    "": {
      "name": "yarn-dependency",
      "version": "1.0.0",
      "license": "ISC",
      "devDependencies": {
        "yarn": "^1.22.19"
      }
    },
    "node_modules/yarn": {
      "version": "1.22.19",
      "dev": true,
      "hasInstallScript": true,
      "license": "BSD-2-Clause",
      "bin": {
        "yarn": "bin/yarn.js",
        "yarnpkg": "bin/yarn.js"
      },
      "engines": {
        "node": ">=4.0.0"
      }
    }
  }
}
